# THIS IS AN AUTOGENERATED FILE. DO NOT EDIT THIS FILE DIRECTLY.
# yarn lockfile v1


commander@^3.0.1:
  version "3.0.2"
  resolved "https://registry.yarnpkg.com/commander/-/commander-3.0.2.tgz#6837c3fb677ad9933d1cfba42dd14d5117d6b39e"
  integrity sha512-Gar0ASD4BDyKC4hl4DwHqDrmvjoxWKZigVnAbn5H1owvm4CxCPdb0HQDehwNYMJpla5+M2tPmPARzhtYuwpHow==

copy-dir@^1.2.0:
  version "1.3.0"
  resolved "https://registry.yarnpkg.com/copy-dir/-/copy-dir-1.3.0.tgz#8c65130e11d8313a6ac2c0578e4c6c6f70b456ba"
  integrity sha512-Q4+qBFnN4bwGwvtXXzbp4P/4iNk0MaiGAzvQ8OiMtlLjkIKjmNN689uVzShSM0908q7GoFHXIPx4zi75ocoaHw==

insomnia-documenter@^0.5.4:
  version "0.5.4"
  resolved "https://registry.yarnpkg.com/insomnia-documenter/-/insomnia-documenter-0.5.4.tgz#6d5ef84ba6dc1c6a7b6ea85d4193147753bb1d2e"
  integrity sha512-Xl9o7c6UXkDi9wlPLoTv0qn19713EwkPJf1bD2sPxuRJqSZcfwzPDcx+0OHGVqgKudjLbyuehpTDsUK1BPHSDQ==
  dependencies:
    commander "^3.0.1"
    copy-dir "^1.2.0"
    mkdirp "^0.5.1"

minimist@^1.2.5:
  version "1.2.5"
  resolved "https://registry.yarnpkg.com/minimist/-/minimist-1.2.5.tgz#67d66014b66a6a8aaa0c083c5fd58df4e4e97602"
  integrity sha512-FM9nNUYrRBAELZQT3xeZQ7fmMOBg6nWNmJKTcgsJeaLstP/UODVpGsr5OhXhhXg6f+qtJ8uiZ+PUxkDWcgIXLw==

mkdirp@^0.5.1:
  version "0.5.5"
  resolved "https://registry.yarnpkg.com/mkdirp/-/mkdirp-0.5.5.tgz#d91cefd62d1436ca0f41620e251288d420099def"
  integrity sha512-NKmAlESf6jMGym1++R0Ra7wvhV+wFW63FaSOFPwRahvea0gMUcGUhVeAg/0BC0wiv9ih5NYPB1Wn1UEI1/L+xQ==
  dependencies:
    minimist "^1.2.5"
